// !$*UTF8*$!
{
	archiveVersion = 1;
	classes = {
	};
	objectVersion = 56;
	objects = {

/* Begin PBXBuildFile section */
		AA000001 /* ShootAssistApp.swift in Sources */ = {isa = PBXBuildFile; fileRef = AB000001; };
		AA000002 /* Color+Extension.swift in Sources */ = {isa = PBXBuildFile; fileRef = AB000002; };
		AA000003 /* SparkleView.swift in Sources */ = {isa = PBXBuildFile; fileRef = AB000003; };
		AA000004 /* ToastView.swift in Sources */ = {isa = PBXBuildFile; fileRef = AB000004; };
		AA000005 /* AnimatedCard.swift in Sources */ = {isa = PBXBuildFile; fileRef = AB000005; };
		AA000006 /* HomeView.swift in Sources */ = {isa = PBXBuildFile; fileRef = AB000006; };
		AA000007 /* PhotoModeView.swift in Sources */ = {isa = PBXBuildFile; fileRef = AB000007; };
		AA000008 /* CameraPreviewView.swift in Sources */ = {isa = PBXBuildFile; fileRef = AB000008; };
		AA000009 /* PhotoOverlayView.swift in Sources */ = {isa = PBXBuildFile; fileRef = AB000009; };
		AA000010 /* GhostSilhouetteView.swift in Sources */ = {isa = PBXBuildFile; fileRef = AB000010; };
		AA000011 /* VideoModeView.swift in Sources */ = {isa = PBXBuildFile; fileRef = AB000011; };
		AA000012 /* DanceArrowView.swift in Sources */ = {isa = PBXBuildFile; fileRef = AB000012; };
		AA000013 /* LyricsView.swift in Sources */ = {isa = PBXBuildFile; fileRef = AB000013; };
		AA000014 /* CameraViewModel.swift in Sources */ = {isa = PBXBuildFile; fileRef = AB000014; };
		AA000015 /* PhotoModeViewModel.swift in Sources */ = {isa = PBXBuildFile; fileRef = AB000015; };
		AA000016 /* VideoModeViewModel.swift in Sources */ = {isa = PBXBuildFile; fileRef = AB000016; };
		AA000017 /* ShootMode.swift in Sources */ = {isa = PBXBuildFile; fileRef = AB000017; };
		AA000018 /* PhotoSaver.swift in Sources */ = {isa = PBXBuildFile; fileRef = AB000018; };
		AA000019 /* VideoSaver.swift in Sources */ = {isa = PBXBuildFile; fileRef = AB000019; };
		AA000020 /* Assets.xcassets in Resources */ = {isa = PBXBuildFile; fileRef = AB000020; };
		AA000021 /* ShareSheet.swift in Sources */ = {isa = PBXBuildFile; fileRef = AB000021; };
		AA000022 /* VideoPicker.swift in Sources */ = {isa = PBXBuildFile; fileRef = AB000022; };
		AA000023 /* VisionService.swift in Sources */ = {isa = PBXBuildFile; fileRef = AB000023; };
		AA000024 /* PoseMatchingService.swift in Sources */ = {isa = PBXBuildFile; fileRef = AB000024; };
		AA000025 /* ComparisonCardService.swift in Sources */ = {isa = PBXBuildFile; fileRef = AB000025; };
		AA000026 /* VideoAnalysisService.swift in Sources */ = {isa = PBXBuildFile; fileRef = AB000026; };
		AA000027 /* VideoWatermarkService.swift in Sources */ = {isa = PBXBuildFile; fileRef = AB000027; };
		AA000028 /* SubscriptionManager.swift in Sources */ = {isa = PBXBuildFile; fileRef = AB000028; };
		AA000029 /* PoseDatabase.swift in Sources */ = {isa = PBXBuildFile; fileRef = AB000029; };
		AA000030 /* LyricDatabase.swift in Sources */ = {isa = PBXBuildFile; fileRef = AB000030; };
		AA000031 /* DemoTemplateDatabase.swift in Sources */ = {isa = PBXBuildFile; fileRef = AB000031; };
		AA000032 /* OnboardingView.swift in Sources */ = {isa = PBXBuildFile; fileRef = AB000032; };
		AA000033 /* PaywallView.swift in Sources */ = {isa = PBXBuildFile; fileRef = AB000033; };
		AA000034 /* PoseLibraryView.swift in Sources */ = {isa = PBXBuildFile; fileRef = AB000034; };
		AA000035 /* PoseSkeletonView.swift in Sources */ = {isa = PBXBuildFile; fileRef = AB000035; };
/* End PBXBuildFile section */

/* Begin PBXFileReference section */
		AB000001 /* ShootAssistApp.swift */ = {isa = PBXFileReference; lastKnownFileType = sourcecode.swift; path = ShootAssistApp.swift; sourceTree = "<group>"; };
		AB000002 /* Color+Extension.swift */ = {isa = PBXFileReference; lastKnownFileType = sourcecode.swift; path = "Color+Extension.swift"; sourceTree = "<group>"; };
		AB000003 /* SparkleView.swift */ = {isa = PBXFileReference; lastKnownFileType = sourcecode.swift; path = SparkleView.swift; sourceTree = "<group>"; };
		AB000004 /* ToastView.swift */ = {isa = PBXFileReference; lastKnownFileType = sourcecode.swift; path = ToastView.swift; sourceTree = "<group>"; };
		AB000005 /* AnimatedCard.swift */ = {isa = PBXFileReference; lastKnownFileType = sourcecode.swift; path = AnimatedCard.swift; sourceTree = "<group>"; };
		AB000006 /* HomeView.swift */ = {isa = PBXFileReference; lastKnownFileType = sourcecode.swift; path = HomeView.swift; sourceTree = "<group>"; };
		AB000007 /* PhotoModeView.swift */ = {isa = PBXFileReference; lastKnownFileType = sourcecode.swift; path = PhotoModeView.swift; sourceTree = "<group>"; };
		AB000008 /* CameraPreviewView.swift */ = {isa = PBXFileReference; lastKnownFileType = sourcecode.swift; path = CameraPreviewView.swift; sourceTree = "<group>"; };
		AB000009 /* PhotoOverlayView.swift */ = {isa = PBXFileReference; lastKnownFileType = sourcecode.swift; path = PhotoOverlayView.swift; sourceTree = "<group>"; };
		AB000010 /* GhostSilhouetteView.swift */ = {isa = PBXFileReference; lastKnownFileType = sourcecode.swift; path = GhostSilhouetteView.swift; sourceTree = "<group>"; };
		AB000011 /* VideoModeView.swift */ = {isa = PBXFileReference; lastKnownFileType = sourcecode.swift; path = VideoModeView.swift; sourceTree = "<group>"; };
		AB000012 /* DanceArrowView.swift */ = {isa = PBXFileReference; lastKnownFileType = sourcecode.swift; path = DanceArrowView.swift; sourceTree = "<group>"; };
		AB000013 /* LyricsView.swift */ = {isa = PBXFileReference; lastKnownFileType = sourcecode.swift; path = LyricsView.swift; sourceTree = "<group>"; };
		AB000014 /* CameraViewModel.swift */ = {isa = PBXFileReference; lastKnownFileType = sourcecode.swift; path = CameraViewModel.swift; sourceTree = "<group>"; };
		AB000015 /* PhotoModeViewModel.swift */ = {isa = PBXFileReference; lastKnownFileType = sourcecode.swift; path = PhotoModeViewModel.swift; sourceTree = "<group>"; };
		AB000016 /* VideoModeViewModel.swift */ = {isa = PBXFileReference; lastKnownFileType = sourcecode.swift; path = VideoModeViewModel.swift; sourceTree = "<group>"; };
		AB000017 /* ShootMode.swift */ = {isa = PBXFileReference; lastKnownFileType = sourcecode.swift; path = ShootMode.swift; sourceTree = "<group>"; };
		AB000018 /* PhotoSaver.swift */ = {isa = PBXFileReference; lastKnownFileType = sourcecode.swift; path = PhotoSaver.swift; sourceTree = "<group>"; };
		AB000019 /* VideoSaver.swift */ = {isa = PBXFileReference; lastKnownFileType = sourcecode.swift; path = VideoSaver.swift; sourceTree = "<group>"; };
		AB000020 /* Assets.xcassets */ = {isa = PBXFileReference; lastKnownFileType = folder.assetcatalog; path = Assets.xcassets; sourceTree = "<group>"; };
		AB000021 /* ShareSheet.swift */ = {isa = PBXFileReference; lastKnownFileType = sourcecode.swift; path = ShareSheet.swift; sourceTree = "<group>"; };
		AB000022 /* VideoPicker.swift */ = {isa = PBXFileReference; lastKnownFileType = sourcecode.swift; path = VideoPicker.swift; sourceTree = "<group>"; };
		AB000023 /* VisionService.swift */ = {isa = PBXFileReference; lastKnownFileType = sourcecode.swift; path = VisionService.swift; sourceTree = "<group>"; };
		AB000024 /* PoseMatchingService.swift */ = {isa = PBXFileReference; lastKnownFileType = sourcecode.swift; path = PoseMatchingService.swift; sourceTree = "<group>"; };
		AB000025 /* ComparisonCardService.swift */ = {isa = PBXFileReference; lastKnownFileType = sourcecode.swift; path = ComparisonCardService.swift; sourceTree = "<group>"; };
		AB000026 /* VideoAnalysisService.swift */ = {isa = PBXFileReference; lastKnownFileType = sourcecode.swift; path = VideoAnalysisService.swift; sourceTree = "<group>"; };
		AB000027 /* VideoWatermarkService.swift */ = {isa = PBXFileReference; lastKnownFileType = sourcecode.swift; path = VideoWatermarkService.swift; sourceTree = "<group>"; };
		AB000028 /* SubscriptionManager.swift */ = {isa = PBXFileReference; lastKnownFileType = sourcecode.swift; path = SubscriptionManager.swift; sourceTree = "<group>"; };
		AB000029 /* PoseDatabase.swift */ = {isa = PBXFileReference; lastKnownFileType = sourcecode.swift; path = PoseDatabase.swift; sourceTree = "<group>"; };
		AB000030 /* LyricDatabase.swift */ = {isa = PBXFileReference; lastKnownFileType = sourcecode.swift; path = LyricDatabase.swift; sourceTree = "<group>"; };
		AB000031 /* DemoTemplateDatabase.swift */ = {isa = PBXFileReference; lastKnownFileType = sourcecode.swift; path = DemoTemplateDatabase.swift; sourceTree = "<group>"; };
		AB000032 /* OnboardingView.swift */ = {isa = PBXFileReference; lastKnownFileType = sourcecode.swift; path = OnboardingView.swift; sourceTree = "<group>"; };
		AB000033 /* PaywallView.swift */ = {isa = PBXFileReference; lastKnownFileType = sourcecode.swift; path = PaywallView.swift; sourceTree = "<group>"; };
		AB000034 /* PoseLibraryView.swift */ = {isa = PBXFileReference; lastKnownFileType = sourcecode.swift; path = PoseLibraryView.swift; sourceTree = "<group>"; };
		AB000035 /* PoseSkeletonView.swift */ = {isa = PBXFileReference; lastKnownFileType = sourcecode.swift; path = PoseSkeletonView.swift; sourceTree = "<group>"; };
		AC000001 /* ShootAssist.app */ = {isa = PBXFileReference; explicitFileType = wrapper.application; includeInIndex = 0; path = ShootAssist.app; sourceTree = BUILT_PRODUCTS_DIR; };
		AC000002 /* Info.plist */ = {isa = PBXFileReference; lastKnownFileType = text.plist.xml; path = Info.plist; sourceTree = "<group>"; };
/* End PBXFileReference section */

/* Begin PBXFrameworksBuildPhase section */
		AD000001 /* Frameworks */ = {
			isa = PBXFrameworksBuildPhase;
			buildActionMask = 2147483647;
			files = (
			);
			runOnlyForDeploymentPostprocessing = 0;
		};
/* End PBXFrameworksBuildPhase section */

/* Begin PBXGroup section */
		AE000001 = {
			isa = PBXGroup;
			children = (
				AE000002 /* ShootAssist */,
				AE000099 /* Products */,
			);
			sourceTree = "<group>";
		};
		AE000002 /* ShootAssist */ = {
			isa = PBXGroup;
			children = (
				AE000003 /* App */,
				AE000004 /* Extensions */,
				AE000005 /* Components */,
				AE000006 /* Views */,
				AE000010 /* ViewModels */,
				AE000011 /* Models */,
				AE000013 /* Services */,
				AE000014 /* Resources */,
				AE000012 /* Utils */,
				AB000020 /* Assets.xcassets */,
				AC000002 /* Info.plist */,
			);
			path = ShootAssist;
			sourceTree = "<group>";
		};
		AE000003 /* App */ = {
			isa = PBXGroup;
			children = (
				AB000001 /* ShootAssistApp.swift */,
			);
			path = App;
			sourceTree = "<group>";
		};
		AE000004 /* Extensions */ = {
			isa = PBXGroup;
			children = (
				AB000002 /* Color+Extension.swift */,
			);
			path = Extensions;
			sourceTree = "<group>";
		};
		AE000005 /* Components */ = {
			isa = PBXGroup;
			children = (
				AB000003 /* SparkleView.swift */,
				AB000004 /* ToastView.swift */,
				AB000005 /* AnimatedCard.swift */,
				AB000021 /* ShareSheet.swift */,
				AB000022 /* VideoPicker.swift */,
			);
			path = Components;
			sourceTree = "<group>";
		};
		AE000006 /* Views */ = {
			isa = PBXGroup;
			children = (
				AE000007 /* Home */,
				AE000008 /* Photo */,
				AE000009 /* Video */,
				AE000015 /* Paywall */,
				AE000016 /* PoseLibrary */,
			);
			path = Views;
			sourceTree = "<group>";
		};
		AE000007 /* Home */ = {
			isa = PBXGroup;
			children = (
				AB000006 /* HomeView.swift */,
				AB000032 /* OnboardingView.swift */,
			);
			path = Home;
			sourceTree = "<group>";
		};
		AE000008 /* Photo */ = {
			isa = PBXGroup;
			children = (
				AB000007 /* PhotoModeView.swift */,
				AB000008 /* CameraPreviewView.swift */,
				AB000009 /* PhotoOverlayView.swift */,
				AB000010 /* GhostSilhouetteView.swift */,
				AB000035 /* PoseSkeletonView.swift */,
			);
			path = Photo;
			sourceTree = "<group>";
		};
		AE000009 /* Video */ = {
			isa = PBXGroup;
			children = (
				AB000011 /* VideoModeView.swift */,
				AB000012 /* DanceArrowView.swift */,
				AB000013 /* LyricsView.swift */,
			);
			path = Video;
			sourceTree = "<group>";
		};
		AE000010 /* ViewModels */ = {
			isa = PBXGroup;
			children = (
				AB000014 /* CameraViewModel.swift */,
				AB000015 /* PhotoModeViewModel.swift */,
				AB000016 /* VideoModeViewModel.swift */,
			);
			path = ViewModels;
			sourceTree = "<group>";
		};
		AE000011 /* Models */ = {
			isa = PBXGroup;
			children = (
				AB000017 /* ShootMode.swift */,
			);
			path = Models;
			sourceTree = "<group>";
		};
		AE000012 /* Utils */ = {
			isa = PBXGroup;
			children = (
				AB000018 /* PhotoSaver.swift */,
				AB000019 /* VideoSaver.swift */,
			);
			path = Utils;
			sourceTree = "<group>";
		};
		AE000013 /* Services */ = {
			isa = PBXGroup;
			children = (
				AB000023 /* VisionService.swift */,
				AB000024 /* PoseMatchingService.swift */,
				AB000025 /* ComparisonCardService.swift */,
				AB000026 /* VideoAnalysisService.swift */,
				AB000027 /* VideoWatermarkService.swift */,
				AB000028 /* SubscriptionManager.swift */,
			);
			path = Services;
			sourceTree = "<group>";
		};
		AE000014 /* Resources */ = {
			isa = PBXGroup;
			children = (
				AB000029 /* PoseDatabase.swift */,
				AB000030 /* LyricDatabase.swift */,
				AB000031 /* DemoTemplateDatabase.swift */,
			);
			path = Resources;
			sourceTree = "<group>";
		};
		AE000015 /* Paywall */ = {
			isa = PBXGroup;
			children = (
				AB000033 /* PaywallView.swift */,
			);
			path = Paywall;
			sourceTree = "<group>";
		};
		AE000016 /* PoseLibrary */ = {
			isa = PBXGroup;
			children = (
				AB000034 /* PoseLibraryView.swift */,
			);
			path = PoseLibrary;
			sourceTree = "<group>";
		};
		AE000099 /* Products */ = {
			isa = PBXGroup;
			children = (
				AC000001 /* ShootAssist.app */,
			);
			name = Products;
			sourceTree = "<group>";
		};
/* End PBXGroup section */

/* Begin PBXNativeTarget section */
		AF000001 /* ShootAssist */ = {
			isa = PBXNativeTarget;
			buildConfigurationList = B1000001 /* Build configuration list for PBXNativeTarget "ShootAssist" */;
			buildPhases = (
				B0000001 /* Sources */,
				AD000001 /* Frameworks */,
				B0000002 /* Resources */,
			);
			buildRules = (
			);
			dependencies = (
			);
			name = ShootAssist;
			productName = ShootAssist;
			productReference = AC000001 /* ShootAssist.app */;
			productType = "com.apple.product-type.application";
		};
/* End PBXNativeTarget section */

/* Begin PBXProject section */
		B2000001 /* Project object */ = {
			isa = PBXProject;
			attributes = {
				BuildIndependentTargetsInParallel = 1;
				LastSwiftUpdateCheck = 1540;
				LastUpgradeCheck = 1540;
				TargetAttributes = {
					AF000001 = {
						CreatedOnToolsVersion = 15.4;
					};
				};
			};
			buildConfigurationList = B1000002 /* Build configuration list for PBXProject "ShootAssist" */;
			compatibilityVersion = "Xcode 14.0";
			developmentRegion = "zh-Hans";
			hasScannedForEncodings = 0;
			knownRegions = (
				"zh-Hans",
				en,
				Base,
			);
			mainGroup = AE000001;
			productRefGroup = AE000099 /* Products */;
			projectDirPath = "";
			projectRoot = "";
			targets = (
				AF000001 /* ShootAssist */,
			);
		};
/* End PBXProject section */

/* Begin PBXResourcesBuildPhase section */
		B0000002 /* Resources */ = {
			isa = PBXResourcesBuildPhase;
			buildActionMask = 2147483647;
			files = (
				AA000020 /* Assets.xcassets in Resources */,
			);
			runOnlyForDeploymentPostprocessing = 0;
		};
/* End PBXResourcesBuildPhase section */

/* Begin PBXSourcesBuildPhase section */
		B0000001 /* Sources */ = {
			isa = PBXSourcesBuildPhase;
			buildActionMask = 2147483647;
			files = (
				AA000001 /* ShootAssistApp.swift in Sources */,
				AA000002 /* Color+Extension.swift in Sources */,
				AA000003 /* SparkleView.swift in Sources */,
				AA000004 /* ToastView.swift in Sources */,
				AA000005 /* AnimatedCard.swift in Sources */,
				AA000006 /* HomeView.swift in Sources */,
				AA000007 /* PhotoModeView.swift in Sources */,
				AA000008 /* CameraPreviewView.swift in Sources */,
				AA000009 /* PhotoOverlayView.swift in Sources */,
				AA000010 /* GhostSilhouetteView.swift in Sources */,
				AA000011 /* VideoModeView.swift in Sources */,
				AA000012 /* DanceArrowView.swift in Sources */,
				AA000013 /* LyricsView.swift in Sources */,
				AA000014 /* CameraViewModel.swift in Sources */,
				AA000015 /* PhotoModeViewModel.swift in Sources */,
				AA000016 /* VideoModeViewModel.swift in Sources */,
				AA000017 /* ShootMode.swift in Sources */,
				AA000018 /* PhotoSaver.swift in Sources */,
				AA000019 /* VideoSaver.swift in Sources */,
				AA000021 /* ShareSheet.swift in Sources */,
				AA000022 /* VideoPicker.swift in Sources */,
				AA000023 /* VisionService.swift in Sources */,
				AA000024 /* PoseMatchingService.swift in Sources */,
				AA000025 /* ComparisonCardService.swift in Sources */,
				AA000026 /* VideoAnalysisService.swift in Sources */,
				AA000027 /* VideoWatermarkService.swift in Sources */,
				AA000028 /* SubscriptionManager.swift in Sources */,
				AA000029 /* PoseDatabase.swift in Sources */,
				AA000030 /* LyricDatabase.swift in Sources */,
				AA000031 /* DemoTemplateDatabase.swift in Sources */,
				AA000032 /* OnboardingView.swift in Sources */,
				AA000033 /* PaywallView.swift in Sources */,
				AA000034 /* PoseLibraryView.swift in Sources */,
				AA000035 /* PoseSkeletonView.swift in Sources */,
			);
			runOnlyForDeploymentPostprocessing = 0;
		};
/* End PBXSourcesBuildPhase section */

/* Begin XCBuildConfiguration section */
		B3000001 /* Debug */ = {
			isa = XCBuildConfiguration;
			buildSettings = {
				ALWAYS_SEARCH_USER_PATHS = NO;
				ASSETCATALOG_COMPILER_GENERATE_SWIFT_ASSET_SYMBOL_EXTENSIONS = YES;
				CLANG_ANALYZER_NONNULL = YES;
				CLANG_ANALYZER_NUMBER_OBJECT_CONVERSION = YES_AGGRESSIVE;
				CLANG_CXX_LANGUAGE_STANDARD = "gnu++20";
				CLANG_ENABLE_MODULES = YES;
				CLANG_ENABLE_OBJC_ARC = YES;
				CLANG_ENABLE_OBJC_WEAK = YES;
				CLANG_WARN_BLOCK_CAPTURE_AUTORELEASING = YES;
				CLANG_WARN_BOOL_CONVERSION = YES;
				CLANG_WARN_COMMA = YES;
				CLANG_WARN_CONSTANT_CONVERSION = YES;
				CLANG_WARN_DEPRECATED_OBJC_IMPLEMENTATIONS = YES;
				CLANG_WARN_DIRECT_OBJC_ISA_USAGE = YES_ERROR;
				CLANG_WARN_DOCUMENTATION_COMMENTS = YES;
				CLANG_WARN_EMPTY_BODY = YES;
				CLANG_WARN_ENUM_CONVERSION = YES;
				CLANG_WARN_INFINITE_RECURSION = YES;
				CLANG_WARN_INT_CONVERSION = YES;
				CLANG_WARN_NON_LITERAL_NULL_CONVERSION = YES;
				CLANG_WARN_OBJC_IMPLICIT_RETAIN_SELF = YES;
				CLANG_WARN_OBJC_LITERAL_CONVERSION = YES;
				CLANG_WARN_OBJC_ROOT_CLASS = YES_ERROR;
				CLANG_WARN_QUOTED_INCLUDE_IN_FRAMEWORK_HEADER = YES;
				CLANG_WARN_RANGE_LOOP_ANALYSIS = YES;
				CLANG_WARN_STRICT_PROTOTYPES = YES;
				CLANG_WARN_SUSPICIOUS_MOVE = YES;
				CLANG_WARN_UNGUARDED_AVAILABILITY = YES_AGGRESSIVE;
				CLANG_WARN_UNREACHABLE_CODE = YES;
				CLANG_WARN__DUPLICATE_METHOD_MATCH = YES;
				COPY_PHASE_STRIP = NO;
				DEBUG_INFORMATION_FORMAT = dwarf;
				ENABLE_STRICT_OBJC_MSGSEND = YES;
				ENABLE_TESTABILITY = YES;
				ENABLE_USER_SCRIPT_SANDBOXING = YES;
				GCC_C_LANGUAGE_STANDARD = gnu17;
				GCC_DYNAMIC_NO_PIC = NO;
				GCC_NO_COMMON_BLOCKS = YES;
				GCC_OPTIMIZATION_LEVEL = 0;
				GCC_PREPROCESSOR_DEFINITIONS = (
					"DEBUG=1",
					"$(inherited)",
				);
				GCC_WARN_64_TO_32_BIT_CONVERSION = YES;
				GCC_WARN_ABOUT_RETURN_TYPE = YES_ERROR;
				GCC_WARN_UNDECLARED_SELECTOR = YES;
				GCC_WARN_UNINITIALIZED_AUTOS = YES_AGGRESSIVE;
				GCC_WARN_UNUSED_FUNCTION = YES;
				GCC_WARN_UNUSED_VARIABLE = YES;
				IPHONEOS_DEPLOYMENT_TARGET = 16.0;
				MTL_ENABLE_DEBUG_INFO = INCLUDE_SOURCE;
				MTL_FAST_MATH = YES;
				ONLY_ACTIVE_ARCH = YES;
				SDKROOT = iphoneos;
				SWIFT_ACTIVE_COMPILATION_CONDITIONS = "$(inherited) DEBUG";
				SWIFT_OPTIMIZATION_LEVEL = "-Onone";
			};
			name = Debug;
		};
		B3000002 /* Release */ = {
			isa = XCBuildConfiguration;
			buildSettings = {
				ALWAYS_SEARCH_USER_PATHS = NO;
				ASSETCATALOG_COMPILER_GENERATE_SWIFT_ASSET_SYMBOL_EXTENSIONS = YES;
				CLANG_ANALYZER_NONNULL = YES;
				CLANG_ANALYZER_NUMBER_OBJECT_CONVERSION = YES_AGGRESSIVE;
				CLANG_CXX_LANGUAGE_STANDARD = "gnu++20";
				CLANG_ENABLE_MODULES = YES;
				CLANG_ENABLE_OBJC_ARC = YES;
				CLANG_ENABLE_OBJC_WEAK = YES;
				CLANG_WARN_BLOCK_CAPTURE_AUTORELEASING = YES;
				CLANG_WARN_BOOL_CONVERSION = YES;
				CLANG_WARN_COMMA = YES;
				CLANG_WARN_CONSTANT_CONVERSION = YES;
				CLANG_WARN_DEPRECATED_OBJC_IMPLEMENTATIONS = YES;
				CLANG_WARN_DIRECT_OBJC_ISA_USAGE = YES_ERROR;
				CLANG_WARN_DOCUMENTATION_COMMENTS = YES;
				CLANG_WARN_EMPTY_BODY = YES;
				CLANG_WARN_ENUM_CONVERSION = YES;
				CLANG_WARN_INFINITE_RECURSION = YES;
				CLANG_WARN_INT_CONVERSION = YES;
				CLANG_WARN_NON_LITERAL_NULL_CONVERSION = YES;
				CLANG_WARN_OBJC_IMPLICIT_RETAIN_SELF = YES;
				CLANG_WARN_OBJC_LITERAL_CONVERSION = YES;
				CLANG_WARN_OBJC_ROOT_CLASS = YES_ERROR;
				CLANG_WARN_QUOTED_INCLUDE_IN_FRAMEWORK_HEADER = YES;
				CLANG_WARN_RANGE_LOOP_ANALYSIS = YES;
				CLANG_WARN_STRICT_PROTOTYPES = YES;
				CLANG_WARN_SUSPICIOUS_MOVE = YES;
				CLANG_WARN_UNGUARDED_AVAILABILITY = YES_AGGRESSIVE;
				CLANG_WARN_UNREACHABLE_CODE = YES;
				CLANG_WARN__DUPLICATE_METHOD_MATCH = YES;
				COPY_PHASE_STRIP = NO;
				DEBUG_INFORMATION_FORMAT = "dwarf-with-dsym";
				ENABLE_NS_ASSERTIONS = NO;
				ENABLE_STRICT_OBJC_MSGSEND = YES;
				ENABLE_USER_SCRIPT_SANDBOXING = YES;
				GCC_C_LANGUAGE_STANDARD = gnu17;
				GCC_NO_COMMON_BLOCKS = YES;
				GCC_WARN_64_TO_32_BIT_CONVERSION = YES;
				GCC_WARN_ABOUT_RETURN_TYPE = YES_ERROR;
				GCC_WARN_UNDECLARED_SELECTOR = YES;
				GCC_WARN_UNINITIALIZED_AUTOS = YES_AGGRESSIVE;
				GCC_WARN_UNUSED_FUNCTION = YES;
				GCC_WARN_UNUSED_VARIABLE = YES;
				IPHONEOS_DEPLOYMENT_TARGET = 16.0;
				MTL_ENABLE_DEBUG_INFO = NO;
				MTL_FAST_MATH = YES;
				SDKROOT = iphoneos;
				SWIFT_COMPILATION_MODE = wholemodule;
				VALIDATE_PRODUCT = YES;
			};
			name = Release;
		};
		B3000003 /* Debug */ = {
			isa = XCBuildConfiguration;
			buildSettings = {
				ASSETCATALOG_COMPILER_APPICON_NAME = AppIcon;
				ASSETCATALOG_COMPILER_GLOBAL_ACCENT_COLOR_NAME = AccentColor;
				CODE_SIGN_STYLE = Automatic;
				CURRENT_PROJECT_VERSION = 1;
				DEVELOPMENT_TEAM = "";
				GENERATE_INFOPLIST_FILE = NO;
				INFOPLIST_FILE = ShootAssist/Info.plist;
				INFOPLIST_KEY_CFBundleDisplayName = "小白快门";
				INFOPLIST_KEY_LSApplicationCategoryType = "public.app-category.photography";
				INFOPLIST_KEY_UIApplicationSceneManifest_Generation = YES;
				INFOPLIST_KEY_UIApplicationSupportsIndirectInputEvents = YES;
				INFOPLIST_KEY_UILaunchScreen_Generation = YES;
				INFOPLIST_KEY_UISupportedInterfaceOrientations = UIInterfaceOrientationPortrait;
				INFOPLIST_KEY_UISupportedInterfaceOrientations_iPad = "UIInterfaceOrientationLandscapeLeft UIInterfaceOrientationLandscapeRight UIInterfaceOrientationPortrait UIInterfaceOrientationPortraitUpsideDown";
				LD_RUNPATH_SEARCH_PATHS = (
					"$(inherited)",
					"@executable_path/Frameworks",
				);
				MARKETING_VERSION = 1.0;
				PRODUCT_BUNDLE_IDENTIFIER = com.shootassist.app;
				PRODUCT_NAME = "$(TARGET_NAME)";
				SUPPORTED_PLATFORMS = "iphoneos iphonesimulator";
				SUPPORTS_MACCATALYST = NO;
				SWIFT_EMIT_LOC_STRINGS = YES;
				SWIFT_VERSION = 5.0;
				TARGETED_DEVICE_FAMILY = 1;
			};
			name = Debug;
		};
		B3000004 /* Release */ = {
			isa = XCBuildConfiguration;
			buildSettings = {
				ASSETCATALOG_COMPILER_APPICON_NAME = AppIcon;
				ASSETCATALOG_COMPILER_GLOBAL_ACCENT_COLOR_NAME = AccentColor;
				CODE_SIGN_STYLE = Automatic;
				CURRENT_PROJECT_VERSION = 1;
				DEVELOPMENT_TEAM = "";
				GENERATE_INFOPLIST_FILE = NO;
				INFOPLIST_FILE = ShootAssist/Info.plist;
				INFOPLIST_KEY_CFBundleDisplayName = "小白快门";
				INFOPLIST_KEY_LSApplicationCategoryType = "public.app-category.photography";
				INFOPLIST_KEY_UIApplicationSceneManifest_Generation = YES;
				INFOPLIST_KEY_UIApplicationSupportsIndirectInputEvents = YES;
				INFOPLIST_KEY_UILaunchScreen_Generation = YES;
				INFOPLIST_KEY_UISupportedInterfaceOrientations = UIInterfaceOrientationPortrait;
				INFOPLIST_KEY_UISupportedInterfaceOrientations_iPad = "UIInterfaceOrientationLandscapeLeft UIInterfaceOrientationLandscapeRight UIInterfaceOrientationPortrait UIInterfaceOrientationPortraitUpsideDown";
				LD_RUNPATH_SEARCH_PATHS = (
					"$(inherited)",
					"@executable_path/Frameworks",
				);
				MARKETING_VERSION = 1.0;
				PRODUCT_BUNDLE_IDENTIFIER = com.shootassist.app;
				PRODUCT_NAME = "$(TARGET_NAME)";
				SUPPORTED_PLATFORMS = "iphoneos iphonesimulator";
				SUPPORTS_MACCATALYST = NO;
				SWIFT_EMIT_LOC_STRINGS = YES;
				SWIFT_VERSION = 5.0;
				TARGETED_DEVICE_FAMILY = 1;
			};
			name = Release;
		};
/* End XCBuildConfiguration section */

/* Begin XCConfigurationList section */
		B1000001 /* Build configuration list for PBXNativeTarget "ShootAssist" */ = {
			isa = XCConfigurationList;
			buildConfigurations = (
				B3000003 /* Debug */,
				B3000004 /* Release */,
			);
			defaultConfigurationIsVisible = 0;
			defaultConfigurationName = Release;
		};
		B1000002 /* Build configuration list for PBXProject "ShootAssist" */ = {
			isa = XCConfigurationList;
			buildConfigurations = (
				B3000001 /* Debug */,
				B3000002 /* Release */,
			);
			defaultConfigurationIsVisible = 0;
			defaultConfigurationName = Release;
		};
/* End XCConfigurationList section */

	};
	rootObject = B2000001 /* Project object */;
}
